
Microsoft Visual Studio Solution File, Format Version 12.00
# Visual Studio Version 17
VisualStudioVersion = 17.7.34024.191
MinimumVisualStudioVersion = 10.0.40219.1
Project("{9A19103F-16F7-4668-BE54-9A1E7A4F7556}") = "FHIR-Marshalling", "FHIR-Marshalling.csproj", "{A38EADF3-9A12-4AE5-A27B-55095720DF88}"
EndProject
Project("{9A19103F-16F7-4668-BE54-9A1E7A4F7556}") = "MarshallingTests", "..\MarshallingTests\MarshallingTests.csproj", "{E3B94B6C-D897-4745-8F45-D7E6E98F09F6}"
EndProject
Project("{FAE04EC0-301F-11D3-BF4B-00C04F79EFBC}") = "CodeGen", "..\CodeGen\CodeGen.csproj", "{1676EA39-118B-4EC1-A209-9CE1F228BD20}"
EndProject
Global
	GlobalSection(SolutionConfigurationPlatforms) = preSolution
		Debug|Any CPU = Debug|Any CPU
		Debug|x64 = Debug|x64
		Release|Any CPU = Release|Any CPU
		Release|x64 = Release|x64
	EndGlobalSection
	GlobalSection(ProjectConfigurationPlatforms) = postSolution
		{A38EADF3-9A12-4AE5-A27B-55095720DF88}.Debug|Any CPU.ActiveCfg = Debug|Any CPU
		{A38EADF3-9A12-4AE5-A27B-55095720DF88}.Debug|Any CPU.Build.0 = Debug|Any CPU
		{A38EADF3-9A12-4AE5-A27B-55095720DF88}.Debug|x64.ActiveCfg = Debug|x64
		{A38EADF3-9A12-4AE5-A27B-55095720DF88}.Debug|x64.Build.0 = Debug|x64
		{A38EADF3-9A12-4AE5-A27B-55095720DF88}.Release|Any CPU.ActiveCfg = Release|Any CPU
		{A38EADF3-9A12-4AE5-A27B-55095720DF88}.Release|Any CPU.Build.0 = Release|Any CPU
		{A38EADF3-9A12-4AE5-A27B-55095720DF88}.Release|x64.ActiveCfg = Release|x64
		{A38EADF3-9A12-4AE5-A27B-55095720DF88}.Release|x64.Build.0 = Release|x64
		{E3B94B6C-D897-4745-8F45-D7E6E98F09F6}.Debug|Any CPU.ActiveCfg = Debug|x64
		{E3B94B6C-D897-4745-8F45-D7E6E98F09F6}.Debug|Any CPU.Build.0 = Debug|x64
		{E3B94B6C-D897-4745-8F45-D7E6E98F09F6}.Debug|x64.ActiveCfg = Debug|x64
		{E3B94B6C-D897-4745-8F45-D7E6E98F09F6}.Debug|x64.Build.0 = Debug|x64
		{E3B94B6C-D897-4745-8F45-D7E6E98F09F6}.Release|Any CPU.ActiveCfg = Release|Any CPU
		{E3B94B6C-D897-4745-8F45-D7E6E98F09F6}.Release|Any CPU.Build.0 = Release|Any CPU
		{E3B94B6C-D897-4745-8F45-D7E6E98F09F6}.Release|x64.ActiveCfg = Release|x64
		{E3B94B6C-D897-4745-8F45-D7E6E98F09F6}.Release|x64.Build.0 = Release|x64
		{1676EA39-118B-4EC1-A209-9CE1F228BD20}.Debug|Any CPU.ActiveCfg = Debug|Any CPU
		{1676EA39-118B-4EC1-A209-9CE1F228BD20}.Debug|Any CPU.Build.0 = Debug|Any CPU
		{1676EA39-118B-4EC1-A209-9CE1F228BD20}.Debug|x64.ActiveCfg = Debug|Any CPU
		{1676EA39-118B-4EC1-A209-9CE1F228BD20}.Debug|x64.Build.0 = Debug|Any CPU
		{1676EA39-118B-4EC1-A209-9CE1F228BD20}.Release|Any CPU.ActiveCfg = Release|Any CPU
		{1676EA39-118B-4EC1-A209-9CE1F228BD20}.Release|Any CPU.Build.0 = Release|Any CPU
		{1676EA39-118B-4EC1-A209-9CE1F228BD20}.Release|x64.ActiveCfg = Release|Any CPU
		{1676EA39-118B-4EC1-A209-9CE1F228BD20}.Release|x64.Build.0 = Release|Any CPU
	EndGlobalSection
	GlobalSection(SolutionProperties) = preSolution
		HideSolutionNode = FALSE
	EndGlobalSection
	GlobalSection(ExtensibilityGlobals) = postSolution
		SolutionGuid = {C90E23C9-7D48-4A7B-91D4-A3FF707A45D1}
	EndGlobalSection
EndGlobal
