
Microsoft Visual Studio Solution File, Format Version 12.00
# Visual Studio Version 17
VisualStudioVersion = 17.7.34024.191
MinimumVisualStudioVersion = 10.0.40219.1
Project("{9A19103F-16F7-4668-BE54-9A1E7A4F7556}") = "FHIR-Marshalling", "FHIR-Marshalling.csproj", "{A38EADF3-9A12-4AE5-A27B-55095720DF88}"
EndProject
Project("{9A19103F-16F7-4668-BE54-9A1E7A4F7556}") = "MarshallingTests", "..\MarshallingTests\MarshallingTests.csproj", "{E3B94B6C-D897-4745-8F45-D7E6E98F09F6}"
EndProject
Project("{9A19103F-16F7-4668-BE54-9A1E7A4F7556}") = "Marshalling-DLL", "..\Marshalling-DLL\Marshalling-DLL.csproj", "{A39F3C0E-3DBA-4819-88BB-68C1D5D37DB8}"
EndProject
Global
	GlobalSection(SolutionConfigurationPlatforms) = preSolution
		Debug|Any CPU = Debug|Any CPU
		Release|Any CPU = Release|Any CPU
	EndGlobalSection
	GlobalSection(ProjectConfigurationPlatforms) = postSolution
		{A38EADF3-9A12-4AE5-A27B-55095720DF88}.Debug|Any CPU.ActiveCfg = Debug|Any CPU
		{A38EADF3-9A12-4AE5-A27B-55095720DF88}.Debug|Any CPU.Build.0 = Debug|Any CPU
		{A38EADF3-9A12-4AE5-A27B-55095720DF88}.Release|Any CPU.ActiveCfg = Release|Any CPU
		{A38EADF3-9A12-4AE5-A27B-55095720DF88}.Release|Any CPU.Build.0 = Release|Any CPU
		{E3B94B6C-D897-4745-8F45-D7E6E98F09F6}.Debug|Any CPU.ActiveCfg = Debug|Any CPU
		{E3B94B6C-D897-4745-8F45-D7E6E98F09F6}.Debug|Any CPU.Build.0 = Debug|Any CPU
		{E3B94B6C-D897-4745-8F45-D7E6E98F09F6}.Release|Any CPU.ActiveCfg = Release|Any CPU
		{E3B94B6C-D897-4745-8F45-D7E6E98F09F6}.Release|Any CPU.Build.0 = Release|Any CPU
		{A39F3C0E-3DBA-4819-88BB-68C1D5D37DB8}.Debug|Any CPU.ActiveCfg = Debug|Any CPU
		{A39F3C0E-3DBA-4819-88BB-68C1D5D37DB8}.Debug|Any CPU.Build.0 = Debug|Any CPU
		{A39F3C0E-3DBA-4819-88BB-68C1D5D37DB8}.Release|Any CPU.ActiveCfg = Release|Any CPU
		{A39F3C0E-3DBA-4819-88BB-68C1D5D37DB8}.Release|Any CPU.Build.0 = Release|Any CPU
	EndGlobalSection
	GlobalSection(SolutionProperties) = preSolution
		HideSolutionNode = FALSE
	EndGlobalSection
	GlobalSection(ExtensibilityGlobals) = postSolution
		SolutionGuid = {C90E23C9-7D48-4A7B-91D4-A3FF707A45D1}
	EndGlobalSection
EndGlobal
